
Microsoft Visual Studio Solution File, Format Version 12.00
Project("{FAE04EC0-301F-11D3-BF4B-00C04F79EFBC}") = "Vehicles", "Vehicles\Vehicles.csproj", "{7A59CCDF-206A-4C21-A709-2F50468C6A86}"
EndProject
Global
	GlobalSection(SolutionConfigurationPlatforms) = preSolution
		Debug|Any CPU = Debug|Any CPU
		Release|Any CPU = Release|Any CPU
	EndGlobalSection
	GlobalSection(ProjectConfigurationPlatforms) = postSolution
		{7A59CCDF-206A-4C21-A709-2F50468C6A86}.Debug|Any CPU.ActiveCfg = Debug|Any CPU
		{7A59CCDF-206A-4C21-A709-2F50468C6A86}.Debug|Any CPU.Build.0 = Debug|Any CPU
		{7A59CCDF-206A-4C21-A709-2F50468C6A86}.Release|Any CPU.ActiveCfg = Release|Any CPU
		{7A59CCDF-206A-4C21-A709-2F50468C6A86}.Release|Any CPU.Build.0 = Release|Any CPU
	EndGlobalSection
EndGlobal
