
Microsoft Visual Studio Solution File, Format Version 12.00
Project("{FAE04EC0-301F-11D3-BF4B-00C04F79EFBC}") = "Projekt", "Projekt\Projekt.csproj", "{CD849530-8E8D-4841-8A2B-9A792EDA63D8}"
EndProject
Global
	GlobalSection(SolutionConfigurationPlatforms) = preSolution
		Debug|Any CPU = Debug|Any CPU
		Release|Any CPU = Release|Any CPU
	EndGlobalSection
	GlobalSection(ProjectConfigurationPlatforms) = postSolution
		{CD849530-8E8D-4841-8A2B-9A792EDA63D8}.Debug|Any CPU.ActiveCfg = Debug|Any CPU
		{CD849530-8E8D-4841-8A2B-9A792EDA63D8}.Debug|Any CPU.Build.0 = Debug|Any CPU
		{CD849530-8E8D-4841-8A2B-9A792EDA63D8}.Release|Any CPU.ActiveCfg = Release|Any CPU
		{CD849530-8E8D-4841-8A2B-9A792EDA63D8}.Release|Any CPU.Build.0 = Release|Any CPU
	EndGlobalSection
EndGlobal
